
Microsoft Visual Studio Solution File, Format Version 12.00
# Visual Studio Version 17
VisualStudioVersion = 17.10.34916.146
MinimumVisualStudioVersion = 10.0.40219.1
Project("{FAE04EC0-301F-11D3-BF4B-00C04F79EFBC}") = "EAMS-API", "EAMS-API.csproj", "{E5901402-2A1D-40A9-A4A7-E4563D83810F}"
EndProject
Global
	GlobalSection(SolutionConfigurationPlatforms) = preSolution
		Debug|Any CPU = Debug|Any CPU
		Release|Any CPU = Release|Any CPU
	EndGlobalSection
	GlobalSection(ProjectConfigurationPlatforms) = postSolution
		{E5901402-2A1D-40A9-A4A7-E4563D83810F}.Debug|Any CPU.ActiveCfg = Debug|Any CPU
		{E5901402-2A1D-40A9-A4A7-E4563D83810F}.Debug|Any CPU.Build.0 = Debug|Any CPU
		{E5901402-2A1D-40A9-A4A7-E4563D83810F}.Release|Any CPU.ActiveCfg = Release|Any CPU
		{E5901402-2A1D-40A9-A4A7-E4563D83810F}.Release|Any CPU.Build.0 = Release|Any CPU
	EndGlobalSection
	GlobalSection(SolutionProperties) = preSolution
		HideSolutionNode = FALSE
	EndGlobalSection
	GlobalSection(ExtensibilityGlobals) = postSolution
		SolutionGuid = {DEEB52A3-BF18-4C91-878A-0EDEB4BBC569}
	EndGlobalSection
EndGlobal
